
Microsoft Visual Studio Solution File, Format Version 12.00
# Visual Studio 15
VisualStudioVersion = 15.0.28307.572
MinimumVisualStudioVersion = 10.0.40219.1
Project("{FAE04EC0-301F-11D3-BF4B-00C04F79EFBC}") = "WebServisInterface", "WebServisInterface\WebServisInterface.csproj", "{86CDFF34-A5A4-4163-9512-26AEF2B45C53}"
EndProject
Global
	GlobalSection(SolutionConfigurationPlatforms) = preSolution
		Debug|Any CPU = Debug|Any CPU
		Release|Any CPU = Release|Any CPU
	EndGlobalSection
	GlobalSection(ProjectConfigurationPlatforms) = postSolution
		{86CDFF34-A5A4-4163-9512-26AEF2B45C53}.Debug|Any CPU.ActiveCfg = Debug|Any CPU
		{86CDFF34-A5A4-4163-9512-26AEF2B45C53}.Debug|Any CPU.Build.0 = Debug|Any CPU
		{86CDFF34-A5A4-4163-9512-26AEF2B45C53}.Release|Any CPU.ActiveCfg = Release|Any CPU
		{86CDFF34-A5A4-4163-9512-26AEF2B45C53}.Release|Any CPU.Build.0 = Release|Any CPU
	EndGlobalSection
	GlobalSection(SolutionProperties) = preSolution
		HideSolutionNode = FALSE
	EndGlobalSection
	GlobalSection(ExtensibilityGlobals) = postSolution
		SolutionGuid = {E7DADD92-9995-4883-90A6-8381204F3499}
	EndGlobalSection
EndGlobal
